
Microsoft Visual Studio Solution File, Format Version 12.00
# Visual Studio Version 16
VisualStudioVersion = 16.0.29209.152
MinimumVisualStudioVersion = 10.0.40219.1
Project("{9A19103F-16F7-4668-BE54-9A1E7A4F7556}") = "GithubLabelMl", "GithubLabelMl\GithubLabelMl.csproj", "{EC6DBA96-27AA-479B-91AE-1188FBEFFAE4}"
EndProject
Project("{9A19103F-16F7-4668-BE54-9A1E7A4F7556}") = "GithubLabelMlML.Model", "GithubLabelMlML.Model\GithubLabelMlML.Model.csproj", "{AC5B6E53-0AD9-4430-A155-596CCA553111}"
EndProject
Project("{9A19103F-16F7-4668-BE54-9A1E7A4F7556}") = "GithubLabelMlML.ConsoleApp", "GithubLabelMlML.ConsoleApp\GithubLabelMlML.ConsoleApp.csproj", "{0DBB9F41-E5E3-4686-8D33-928408010FA1}"
EndProject
Global
	GlobalSection(SolutionConfigurationPlatforms) = preSolution
		Debug|Any CPU = Debug|Any CPU
		Release|Any CPU = Release|Any CPU
	EndGlobalSection
	GlobalSection(ProjectConfigurationPlatforms) = postSolution
		{EC6DBA96-27AA-479B-91AE-1188FBEFFAE4}.Debug|Any CPU.ActiveCfg = Debug|Any CPU
		{EC6DBA96-27AA-479B-91AE-1188FBEFFAE4}.Debug|Any CPU.Build.0 = Debug|Any CPU
		{EC6DBA96-27AA-479B-91AE-1188FBEFFAE4}.Release|Any CPU.ActiveCfg = Release|Any CPU
		{EC6DBA96-27AA-479B-91AE-1188FBEFFAE4}.Release|Any CPU.Build.0 = Release|Any CPU
		{AC5B6E53-0AD9-4430-A155-596CCA553111}.Debug|Any CPU.ActiveCfg = Debug|Any CPU
		{AC5B6E53-0AD9-4430-A155-596CCA553111}.Debug|Any CPU.Build.0 = Debug|Any CPU
		{AC5B6E53-0AD9-4430-A155-596CCA553111}.Release|Any CPU.ActiveCfg = Release|Any CPU
		{AC5B6E53-0AD9-4430-A155-596CCA553111}.Release|Any CPU.Build.0 = Release|Any CPU
		{0DBB9F41-E5E3-4686-8D33-928408010FA1}.Debug|Any CPU.ActiveCfg = Debug|Any CPU
		{0DBB9F41-E5E3-4686-8D33-928408010FA1}.Debug|Any CPU.Build.0 = Debug|Any CPU
		{0DBB9F41-E5E3-4686-8D33-928408010FA1}.Release|Any CPU.ActiveCfg = Release|Any CPU
		{0DBB9F41-E5E3-4686-8D33-928408010FA1}.Release|Any CPU.Build.0 = Release|Any CPU
	EndGlobalSection
	GlobalSection(SolutionProperties) = preSolution
		HideSolutionNode = FALSE
	EndGlobalSection
	GlobalSection(ExtensibilityGlobals) = postSolution
		SolutionGuid = {A6598072-1910-4844-954D-451538426ED1}
	EndGlobalSection
EndGlobal
